// !$*UTF8*$!
{
	archiveVersion = 1;
	classes = {
	};
	objectVersion = 55;
	objects = {

/* Begin PBXBuildFile section */
		4ADEAB9E29291EAA001B63E3 /* SnapKit in Frameworks */ = {isa = PBXBuildFile; productRef = 4ADEAB9D29291EAA001B63E3 /* SnapKit */; };
		4ADEABA129291EB3001B63E3 /* Then in Frameworks */ = {isa = PBXBuildFile; productRef = 4ADEABA029291EB3001B63E3 /* Then */; };
		4ADEABA429291EBF001B63E3 /* Moya in Frameworks */ = {isa = PBXBuildFile; productRef = 4ADEABA329291EBF001B63E3 /* Moya */; };
		4ADEABAA29293B9E001B63E3 /* UIFont+.swift in Sources */ = {isa = PBXBuildFile; fileRef = 4ADEABA929293B9E001B63E3 /* UIFont+.swift */; };
		4ADEABAC29293DF1001B63E3 /* UIColor+.swift in Sources */ = {isa = PBXBuildFile; fileRef = 4ADEABAB29293DF1001B63E3 /* UIColor+.swift */; };
		4AFDABD42928FD1300DA413E /* AppDelegate.swift in Sources */ = {isa = PBXBuildFile; fileRef = 4AFDABD32928FD1300DA413E /* AppDelegate.swift */; };
		4AFDABD62928FD1300DA413E /* SceneDelegate.swift in Sources */ = {isa = PBXBuildFile; fileRef = 4AFDABD52928FD1300DA413E /* SceneDelegate.swift */; };
		4AFDABDD2928FD1400DA413E /* Assets.xcassets in Resources */ = {isa = PBXBuildFile; fileRef = 4AFDABDC2928FD1400DA413E /* Assets.xcassets */; };
		4AFDABE02928FD1400DA413E /* LaunchScreen.storyboard in Resources */ = {isa = PBXBuildFile; fileRef = 4AFDABDE2928FD1400DA413E /* LaunchScreen.storyboard */; };
		4AFDABF229290BBC00DA413E /* DetailViewController.swift in Sources */ = {isa = PBXBuildFile; fileRef = 4AFDABF129290BBC00DA413E /* DetailViewController.swift */; };
		4AFDABF429290BC500DA413E /* CreateViewController.swift in Sources */ = {isa = PBXBuildFile; fileRef = 4AFDABF329290BC500DA413E /* CreateViewController.swift */; };
		4AFDABF629290BD500DA413E /* MainViewController.swift in Sources */ = {isa = PBXBuildFile; fileRef = 4AFDABF529290BD500DA413E /* MainViewController.swift */; };
		4AFDABFD29290C2C00DA413E /* URLConstant.swift in Sources */ = {isa = PBXBuildFile; fileRef = 4AFDABFC29290C2C00DA413E /* URLConstant.swift */; };
		4AFDABFF29290C4800DA413E /* NetworkResult.swift in Sources */ = {isa = PBXBuildFile; fileRef = 4AFDABFE29290C4800DA413E /* NetworkResult.swift */; };
		4AFDAC0129290C9100DA413E /* MoyaLoggingPlugin.swift in Sources */ = {isa = PBXBuildFile; fileRef = 4AFDAC0029290C9100DA413E /* MoyaLoggingPlugin.swift */; };
		4AFDAC0329290D5600DA413E /* GeneralResponse.swift in Sources */ = {isa = PBXBuildFile; fileRef = 4AFDAC0229290D5600DA413E /* GeneralResponse.swift */; };
		4AFDAC0529290D7300DA413E /* BaseTargetType.swift in Sources */ = {isa = PBXBuildFile; fileRef = 4AFDAC0429290D7300DA413E /* BaseTargetType.swift */; };
		4AFDAC0729290D9000DA413E /* NetworkConstant.swift in Sources */ = {isa = PBXBuildFile; fileRef = 4AFDAC0629290D9000DA413E /* NetworkConstant.swift */; };
		4AFDAC0929290D9D00DA413E /* Service.swift in Sources */ = {isa = PBXBuildFile; fileRef = 4AFDAC0829290D9D00DA413E /* Service.swift */; };
		4AFDAC0B29290DA100DA413E /* API.swift in Sources */ = {isa = PBXBuildFile; fileRef = 4AFDAC0A29290DA100DA413E /* API.swift */; };
		4AFDAC0D29290DA500DA413E /* DataModel.swift in Sources */ = {isa = PBXBuildFile; fileRef = 4AFDAC0C29290DA500DA413E /* DataModel.swift */; };
		4AFDAC0F29290DD000DA413E /* UIView+.swift in Sources */ = {isa = PBXBuildFile; fileRef = 4AFDAC0E29290DD000DA413E /* UIView+.swift */; };
		4AFDAC1129291CE000DA413E /* UIViewController+.swift in Sources */ = {isa = PBXBuildFile; fileRef = 4AFDAC1029291CE000DA413E /* UIViewController+.swift */; };
		6CACA112292969A400597C7C /* CreateBtnCell.swift in Sources */ = {isa = PBXBuildFile; fileRef = 6CACA111292969A400597C7C /* CreateBtnCell.swift */; };
		6CACA11429296A7700597C7C /* BtnList.swift in Sources */ = {isa = PBXBuildFile; fileRef = 6CACA11329296A7700597C7C /* BtnList.swift */; };
/* End PBXBuildFile section */

/* Begin PBXFileReference section */
		4ADEABA929293B9E001B63E3 /* UIFont+.swift */ = {isa = PBXFileReference; lastKnownFileType = sourcecode.swift; path = "UIFont+.swift"; sourceTree = "<group>"; };
		4ADEABAB29293DF1001B63E3 /* UIColor+.swift */ = {isa = PBXFileReference; lastKnownFileType = sourcecode.swift; path = "UIColor+.swift"; sourceTree = "<group>"; };
		4AFDABD02928FD1300DA413E /* SOPKATHON-iOS.app */ = {isa = PBXFileReference; explicitFileType = wrapper.application; includeInIndex = 0; path = "SOPKATHON-iOS.app"; sourceTree = BUILT_PRODUCTS_DIR; };
		4AFDABD32928FD1300DA413E /* AppDelegate.swift */ = {isa = PBXFileReference; lastKnownFileType = sourcecode.swift; path = AppDelegate.swift; sourceTree = "<group>"; };
		4AFDABD52928FD1300DA413E /* SceneDelegate.swift */ = {isa = PBXFileReference; lastKnownFileType = sourcecode.swift; path = SceneDelegate.swift; sourceTree = "<group>"; };
		4AFDABDC2928FD1400DA413E /* Assets.xcassets */ = {isa = PBXFileReference; lastKnownFileType = folder.assetcatalog; path = Assets.xcassets; sourceTree = "<group>"; };
		4AFDABDF2928FD1400DA413E /* Base */ = {isa = PBXFileReference; lastKnownFileType = file.storyboard; name = Base; path = Base.lproj/LaunchScreen.storyboard; sourceTree = "<group>"; };
		4AFDABE12928FD1400DA413E /* Info.plist */ = {isa = PBXFileReference; lastKnownFileType = text.plist.xml; path = Info.plist; sourceTree = "<group>"; };
		4AFDABF129290BBC00DA413E /* DetailViewController.swift */ = {isa = PBXFileReference; lastKnownFileType = sourcecode.swift; path = DetailViewController.swift; sourceTree = "<group>"; };
		4AFDABF329290BC500DA413E /* CreateViewController.swift */ = {isa = PBXFileReference; lastKnownFileType = sourcecode.swift; path = CreateViewController.swift; sourceTree = "<group>"; };
		4AFDABF529290BD500DA413E /* MainViewController.swift */ = {isa = PBXFileReference; lastKnownFileType = sourcecode.swift; path = MainViewController.swift; sourceTree = "<group>"; };
		4AFDABFC29290C2C00DA413E /* URLConstant.swift */ = {isa = PBXFileReference; lastKnownFileType = sourcecode.swift; path = URLConstant.swift; sourceTree = "<group>"; };
		4AFDABFE29290C4800DA413E /* NetworkResult.swift */ = {isa = PBXFileReference; lastKnownFileType = sourcecode.swift; path = NetworkResult.swift; sourceTree = "<group>"; };
		4AFDAC0029290C9100DA413E /* MoyaLoggingPlugin.swift */ = {isa = PBXFileReference; lastKnownFileType = sourcecode.swift; path = MoyaLoggingPlugin.swift; sourceTree = "<group>"; };
		4AFDAC0229290D5600DA413E /* GeneralResponse.swift */ = {isa = PBXFileReference; lastKnownFileType = sourcecode.swift; path = GeneralResponse.swift; sourceTree = "<group>"; };
		4AFDAC0429290D7300DA413E /* BaseTargetType.swift */ = {isa = PBXFileReference; lastKnownFileType = sourcecode.swift; path = BaseTargetType.swift; sourceTree = "<group>"; };
		4AFDAC0629290D9000DA413E /* NetworkConstant.swift */ = {isa = PBXFileReference; lastKnownFileType = sourcecode.swift; path = NetworkConstant.swift; sourceTree = "<group>"; };
		4AFDAC0829290D9D00DA413E /* Service.swift */ = {isa = PBXFileReference; lastKnownFileType = sourcecode.swift; path = Service.swift; sourceTree = "<group>"; };
		4AFDAC0A29290DA100DA413E /* API.swift */ = {isa = PBXFileReference; lastKnownFileType = sourcecode.swift; path = API.swift; sourceTree = "<group>"; };
		4AFDAC0C29290DA500DA413E /* DataModel.swift */ = {isa = PBXFileReference; lastKnownFileType = sourcecode.swift; path = DataModel.swift; sourceTree = "<group>"; };
		4AFDAC0E29290DD000DA413E /* UIView+.swift */ = {isa = PBXFileReference; lastKnownFileType = sourcecode.swift; path = "UIView+.swift"; sourceTree = "<group>"; };
		4AFDAC1029291CE000DA413E /* UIViewController+.swift */ = {isa = PBXFileReference; lastKnownFileType = sourcecode.swift; path = "UIViewController+.swift"; sourceTree = "<group>"; };
		6CACA10E292945D800597C7C /* Pretendard-Bold.otf */ = {isa = PBXFileReference; lastKnownFileType = file; name = "Pretendard-Bold.otf"; path = "../../../../../../../Downloads/Pretendard-Bold.otf"; sourceTree = "<group>"; };
		6CACA10F292945D800597C7C /* Pretendard-Medium.otf */ = {isa = PBXFileReference; lastKnownFileType = file; name = "Pretendard-Medium.otf"; path = "../../../../../../../Downloads/Pretendard-Medium.otf"; sourceTree = "<group>"; };
		6CACA110292945D800597C7C /* Pretendard-Regular.otf */ = {isa = PBXFileReference; lastKnownFileType = file; name = "Pretendard-Regular.otf"; path = "../../../../../../../Downloads/Pretendard-Regular.otf"; sourceTree = "<group>"; };
		6CACA111292969A400597C7C /* CreateBtnCell.swift */ = {isa = PBXFileReference; lastKnownFileType = sourcecode.swift; path = CreateBtnCell.swift; sourceTree = "<group>"; };
		6CACA11329296A7700597C7C /* BtnList.swift */ = {isa = PBXFileReference; lastKnownFileType = sourcecode.swift; path = BtnList.swift; sourceTree = "<group>"; };
/* End PBXFileReference section */

/* Begin PBXFrameworksBuildPhase section */
		4AFDABCD2928FD1300DA413E /* Frameworks */ = {
			isa = PBXFrameworksBuildPhase;
			buildActionMask = 2147483647;
			files = (
				4ADEAB9E29291EAA001B63E3 /* SnapKit in Frameworks */,
				4ADEABA129291EB3001B63E3 /* Then in Frameworks */,
				4ADEABA429291EBF001B63E3 /* Moya in Frameworks */,
			);
			runOnlyForDeploymentPostprocessing = 0;
		};
/* End PBXFrameworksBuildPhase section */

/* Begin PBXGroup section */
		4AFDABC72928FD1300DA413E = {
			isa = PBXGroup;
			children = (
				4AFDABD22928FD1300DA413E /* SOPKATHON-iOS */,
				4AFDABD12928FD1300DA413E /* Products */,
			);
			sourceTree = "<group>";
		};
		4AFDABD12928FD1300DA413E /* Products */ = {
			isa = PBXGroup;
			children = (
				4AFDABD02928FD1300DA413E /* SOPKATHON-iOS.app */,
			);
			name = Products;
			sourceTree = "<group>";
		};
		4AFDABD22928FD1300DA413E /* SOPKATHON-iOS */ = {
			isa = PBXGroup;
			children = (
				4AFDABEA29290B2000DA413E /* Global */,
				4AFDABE929290B1C00DA413E /* Network */,
				4AFDABE829290B1600DA413E /* Screen */,
				4AFDABE729290B0F00DA413E /* Resource */,
			);
			path = "SOPKATHON-iOS";
			sourceTree = "<group>";
		};
		4AFDABE729290B0F00DA413E /* Resource */ = {
			isa = PBXGroup;
			children = (
				6CACA10D292945CF00597C7C /* Font */,
				4AFDABED29290B2D00DA413E /* Storyboard */,
				4AFDABEC29290B2800DA413E /* Support */,
				4AFDABEB29290B2500DA413E /* Asset */,
			);
			path = Resource;
			sourceTree = "<group>";
		};
		4AFDABE829290B1600DA413E /* Screen */ = {
			isa = PBXGroup;
			children = (
				4AFDABF029290B6C00DA413E /* Detail */,
				4AFDABEF29290B6300DA413E /* Create */,
				6CACA11529297A4D00597C7C /* Modify */,
				4AFDABEE29290B4C00DA413E /* Main */,
			);
			path = Screen;
			sourceTree = "<group>";
		};
		4AFDABE929290B1C00DA413E /* Network */ = {
			isa = PBXGroup;
			children = (
				4AFDABFA29290BE800DA413E /* DataModel */,
				4AFDABF929290BE600DA413E /* API */,
				4AFDABF829290BDF00DA413E /* Service */,
				4AFDABF729290BDC00DA413E /* Base */,
			);
			path = Network;
			sourceTree = "<group>";
		};
		4AFDABEA29290B2000DA413E /* Global */ = {
			isa = PBXGroup;
			children = (
				4AFDABFB29290BED00DA413E /* Extension */,
			);
			path = Global;
			sourceTree = "<group>";
		};
		4AFDABEB29290B2500DA413E /* Asset */ = {
			isa = PBXGroup;
			children = (
				4AFDABDC2928FD1400DA413E /* Assets.xcassets */,
			);
			path = Asset;
			sourceTree = "<group>";
		};
		4AFDABEC29290B2800DA413E /* Support */ = {
			isa = PBXGroup;
			children = (
				4AFDABE12928FD1400DA413E /* Info.plist */,
				4AFDABD52928FD1300DA413E /* SceneDelegate.swift */,
				4AFDABD32928FD1300DA413E /* AppDelegate.swift */,
			);
			path = Support;
			sourceTree = "<group>";
		};
		4AFDABED29290B2D00DA413E /* Storyboard */ = {
			isa = PBXGroup;
			children = (
				4AFDABDE2928FD1400DA413E /* LaunchScreen.storyboard */,
			);
			path = Storyboard;
			sourceTree = "<group>";
		};
		4AFDABEE29290B4C00DA413E /* Main */ = {
			isa = PBXGroup;
			children = (
				4AFDABF529290BD500DA413E /* MainViewController.swift */,
			);
			path = Main;
			sourceTree = "<group>";
		};
		4AFDABEF29290B6300DA413E /* Create */ = {
			isa = PBXGroup;
			children = (
				4AFDABF329290BC500DA413E /* CreateViewController.swift */,
				6CACA111292969A400597C7C /* CreateBtnCell.swift */,
				6CACA11329296A7700597C7C /* BtnList.swift */,
			);
			path = Create;
			sourceTree = "<group>";
		};
		4AFDABF029290B6C00DA413E /* Detail */ = {
			isa = PBXGroup;
			children = (
				4AFDABF129290BBC00DA413E /* DetailViewController.swift */,
			);
			path = Detail;
			sourceTree = "<group>";
		};
		4AFDABF729290BDC00DA413E /* Base */ = {
			isa = PBXGroup;
			children = (
				4AFDABFC29290C2C00DA413E /* URLConstant.swift */,
				4AFDABFE29290C4800DA413E /* NetworkResult.swift */,
				4AFDAC0029290C9100DA413E /* MoyaLoggingPlugin.swift */,
				4AFDAC0229290D5600DA413E /* GeneralResponse.swift */,
				4AFDAC0429290D7300DA413E /* BaseTargetType.swift */,
				4AFDAC0629290D9000DA413E /* NetworkConstant.swift */,
			);
			path = Base;
			sourceTree = "<group>";
		};
		4AFDABF829290BDF00DA413E /* Service */ = {
			isa = PBXGroup;
			children = (
				4AFDAC0829290D9D00DA413E /* Service.swift */,
			);
			path = Service;
			sourceTree = "<group>";
		};
		4AFDABF929290BE600DA413E /* API */ = {
			isa = PBXGroup;
			children = (
				4AFDAC0A29290DA100DA413E /* API.swift */,
			);
			path = API;
			sourceTree = "<group>";
		};
		4AFDABFA29290BE800DA413E /* DataModel */ = {
			isa = PBXGroup;
			children = (
				4AFDAC0C29290DA500DA413E /* DataModel.swift */,
			);
			path = DataModel;
			sourceTree = "<group>";
		};
		4AFDABFB29290BED00DA413E /* Extension */ = {
			isa = PBXGroup;
			children = (
				4AFDAC0E29290DD000DA413E /* UIView+.swift */,
				4AFDAC1029291CE000DA413E /* UIViewController+.swift */,
				4ADEABA929293B9E001B63E3 /* UIFont+.swift */,
				4ADEABAB29293DF1001B63E3 /* UIColor+.swift */,
			);
			path = Extension;
			sourceTree = "<group>";
		};
		6CACA10D292945CF00597C7C /* Font */ = {
			isa = PBXGroup;
			children = (
				6CACA10E292945D800597C7C /* Pretendard-Bold.otf */,
				6CACA10F292945D800597C7C /* Pretendard-Medium.otf */,
				6CACA110292945D800597C7C /* Pretendard-Regular.otf */,
			);
			path = Font;
			sourceTree = "<group>";
		};
		6CACA11529297A4D00597C7C /* Modify */ = {
			isa = PBXGroup;
			children = (
			);
			path = Modify;
			sourceTree = "<group>";
		};
/* End PBXGroup section */

/* Begin PBXNativeTarget section */
		4AFDABCF2928FD1300DA413E /* SOPKATHON-iOS */ = {
			isa = PBXNativeTarget;
			buildConfigurationList = 4AFDABE42928FD1400DA413E /* Build configuration list for PBXNativeTarget "SOPKATHON-iOS" */;
			buildPhases = (
				4AFDABCC2928FD1300DA413E /* Sources */,
				4AFDABCD2928FD1300DA413E /* Frameworks */,
				4AFDABCE2928FD1300DA413E /* Resources */,
			);
			buildRules = (
			);
			dependencies = (
			);
			name = "SOPKATHON-iOS";
			packageProductDependencies = (
				4ADEAB9D29291EAA001B63E3 /* SnapKit */,
				4ADEABA029291EB3001B63E3 /* Then */,
				4ADEABA329291EBF001B63E3 /* Moya */,
			);
			productName = "SOPKATHON-iOS";
			productReference = 4AFDABD02928FD1300DA413E /* SOPKATHON-iOS.app */;
			productType = "com.apple.product-type.application";
		};
/* End PBXNativeTarget section */

/* Begin PBXProject section */
		4AFDABC82928FD1300DA413E /* Project object */ = {
			isa = PBXProject;
			attributes = {
				BuildIndependentTargetsInParallel = 1;
				LastSwiftUpdateCheck = 1340;
				LastUpgradeCheck = 1340;
				TargetAttributes = {
					4AFDABCF2928FD1300DA413E = {
						CreatedOnToolsVersion = 13.4.1;
					};
				};
			};
			buildConfigurationList = 4AFDABCB2928FD1300DA413E /* Build configuration list for PBXProject "SOPKATHON-iOS" */;
			compatibilityVersion = "Xcode 13.0";
			developmentRegion = en;
			hasScannedForEncodings = 0;
			knownRegions = (
				en,
				Base,
			);
			mainGroup = 4AFDABC72928FD1300DA413E;
			packageReferences = (
				4ADEAB9C29291EAA001B63E3 /* XCRemoteSwiftPackageReference "SnapKit" */,
				4ADEAB9F29291EB2001B63E3 /* XCRemoteSwiftPackageReference "Then" */,
				4ADEABA229291EBF001B63E3 /* XCRemoteSwiftPackageReference "Moya" */,
			);
			productRefGroup = 4AFDABD12928FD1300DA413E /* Products */;
			projectDirPath = "";
			projectRoot = "";
			targets = (
				4AFDABCF2928FD1300DA413E /* SOPKATHON-iOS */,
			);
		};
/* End PBXProject section */

/* Begin PBXResourcesBuildPhase section */
		4AFDABCE2928FD1300DA413E /* Resources */ = {
			isa = PBXResourcesBuildPhase;
			buildActionMask = 2147483647;
			files = (
				4AFDABE02928FD1400DA413E /* LaunchScreen.storyboard in Resources */,
				4AFDABDD2928FD1400DA413E /* Assets.xcassets in Resources */,
			);
			runOnlyForDeploymentPostprocessing = 0;
		};
/* End PBXResourcesBuildPhase section */

/* Begin PBXSourcesBuildPhase section */
		4AFDABCC2928FD1300DA413E /* Sources */ = {
			isa = PBXSourcesBuildPhase;
			buildActionMask = 2147483647;
			files = (
				4AFDAC0129290C9100DA413E /* MoyaLoggingPlugin.swift in Sources */,
				4ADEABAA29293B9E001B63E3 /* UIFont+.swift in Sources */,
				4AFDAC0929290D9D00DA413E /* Service.swift in Sources */,
				4AFDABF429290BC500DA413E /* CreateViewController.swift in Sources */,
				4AFDABD42928FD1300DA413E /* AppDelegate.swift in Sources */,
				4AFDAC0D29290DA500DA413E /* DataModel.swift in Sources */,
				4AFDAC1129291CE000DA413E /* UIViewController+.swift in Sources */,
				4AFDAC0729290D9000DA413E /* NetworkConstant.swift in Sources */,
				4AFDAC0B29290DA100DA413E /* API.swift in Sources */,
				6CACA112292969A400597C7C /* CreateBtnCell.swift in Sources */,
				4AFDAC0529290D7300DA413E /* BaseTargetType.swift in Sources */,
				4AFDABFD29290C2C00DA413E /* URLConstant.swift in Sources */,
				6CACA11429296A7700597C7C /* BtnList.swift in Sources */,
				4AFDABF629290BD500DA413E /* MainViewController.swift in Sources */,
				4AFDABD62928FD1300DA413E /* SceneDelegate.swift in Sources */,
				4AFDAC0F29290DD000DA413E /* UIView+.swift in Sources */,
				4AFDABF229290BBC00DA413E /* DetailViewController.swift in Sources */,
				4AFDABFF29290C4800DA413E /* NetworkResult.swift in Sources */,
				4AFDAC0329290D5600DA413E /* GeneralResponse.swift in Sources */,
				4ADEABAC29293DF1001B63E3 /* UIColor+.swift in Sources */,
			);
			runOnlyForDeploymentPostprocessing = 0;
		};
/* End PBXSourcesBuildPhase section */

/* Begin PBXVariantGroup section */
		4AFDABDE2928FD1400DA413E /* LaunchScreen.storyboard */ = {
			isa = PBXVariantGroup;
			children = (
				4AFDABDF2928FD1400DA413E /* Base */,
			);
			name = LaunchScreen.storyboard;
			sourceTree = "<group>";
		};
/* End PBXVariantGroup section */

/* Begin XCBuildConfiguration section */
		4AFDABE22928FD1400DA413E /* Debug */ = {
			isa = XCBuildConfiguration;
			buildSettings = {
				ALWAYS_SEARCH_USER_PATHS = NO;
				CLANG_ANALYZER_NONNULL = YES;
				CLANG_ANALYZER_NUMBER_OBJECT_CONVERSION = YES_AGGRESSIVE;
				CLANG_CXX_LANGUAGE_STANDARD = "gnu++17";
				CLANG_ENABLE_MODULES = YES;
				CLANG_ENABLE_OBJC_ARC = YES;
				CLANG_ENABLE_OBJC_WEAK = YES;
				CLANG_WARN_BLOCK_CAPTURE_AUTORELEASING = YES;
				CLANG_WARN_BOOL_CONVERSION = YES;
				CLANG_WARN_COMMA = YES;
				CLANG_WARN_CONSTANT_CONVERSION = YES;
				CLANG_WARN_DEPRECATED_OBJC_IMPLEMENTATIONS = YES;
				CLANG_WARN_DIRECT_OBJC_ISA_USAGE = YES_ERROR;
				CLANG_WARN_DOCUMENTATION_COMMENTS = YES;
				CLANG_WARN_EMPTY_BODY = YES;
				CLANG_WARN_ENUM_CONVERSION = YES;
				CLANG_WARN_INFINITE_RECURSION = YES;
				CLANG_WARN_INT_CONVERSION = YES;
				CLANG_WARN_NON_LITERAL_NULL_CONVERSION = YES;
				CLANG_WARN_OBJC_IMPLICIT_RETAIN_SELF = YES;
				CLANG_WARN_OBJC_LITERAL_CONVERSION = YES;
				CLANG_WARN_OBJC_ROOT_CLASS = YES_ERROR;
				CLANG_WARN_QUOTED_INCLUDE_IN_FRAMEWORK_HEADER = YES;
				CLANG_WARN_RANGE_LOOP_ANALYSIS = YES;
				CLANG_WARN_STRICT_PROTOTYPES = YES;
				CLANG_WARN_SUSPICIOUS_MOVE = YES;
				CLANG_WARN_UNGUARDED_AVAILABILITY = YES_AGGRESSIVE;
				CLANG_WARN_UNREACHABLE_CODE = YES;
				CLANG_WARN__DUPLICATE_METHOD_MATCH = YES;
				COPY_PHASE_STRIP = NO;
				DEBUG_INFORMATION_FORMAT = dwarf;
				ENABLE_STRICT_OBJC_MSGSEND = YES;
				ENABLE_TESTABILITY = YES;
				GCC_C_LANGUAGE_STANDARD = gnu11;
				GCC_DYNAMIC_NO_PIC = NO;
				GCC_NO_COMMON_BLOCKS = YES;
				GCC_OPTIMIZATION_LEVEL = 0;
				GCC_PREPROCESSOR_DEFINITIONS = (
					"DEBUG=1",
					"$(inherited)",
				);
				GCC_WARN_64_TO_32_BIT_CONVERSION = YES;
				GCC_WARN_ABOUT_RETURN_TYPE = YES_ERROR;
				GCC_WARN_UNDECLARED_SELECTOR = YES;
				GCC_WARN_UNINITIALIZED_AUTOS = YES_AGGRESSIVE;
				GCC_WARN_UNUSED_FUNCTION = YES;
				GCC_WARN_UNUSED_VARIABLE = YES;
				IPHONEOS_DEPLOYMENT_TARGET = 15.5;
				MTL_ENABLE_DEBUG_INFO = INCLUDE_SOURCE;
				MTL_FAST_MATH = YES;
				ONLY_ACTIVE_ARCH = YES;
				SDKROOT = iphoneos;
				SWIFT_ACTIVE_COMPILATION_CONDITIONS = DEBUG;
				SWIFT_OPTIMIZATION_LEVEL = "-Onone";
			};
			name = Debug;
		};
		4AFDABE32928FD1400DA413E /* Release */ = {
			isa = XCBuildConfiguration;
			buildSettings = {
				ALWAYS_SEARCH_USER_PATHS = NO;
				CLANG_ANALYZER_NONNULL = YES;
				CLANG_ANALYZER_NUMBER_OBJECT_CONVERSION = YES_AGGRESSIVE;
				CLANG_CXX_LANGUAGE_STANDARD = "gnu++17";
				CLANG_ENABLE_MODULES = YES;
				CLANG_ENABLE_OBJC_ARC = YES;
				CLANG_ENABLE_OBJC_WEAK = YES;
				CLANG_WARN_BLOCK_CAPTURE_AUTORELEASING = YES;
				CLANG_WARN_BOOL_CONVERSION = YES;
				CLANG_WARN_COMMA = YES;
				CLANG_WARN_CONSTANT_CONVERSION = YES;
				CLANG_WARN_DEPRECATED_OBJC_IMPLEMENTATIONS = YES;
				CLANG_WARN_DIRECT_OBJC_ISA_USAGE = YES_ERROR;
				CLANG_WARN_DOCUMENTATION_COMMENTS = YES;
				CLANG_WARN_EMPTY_BODY = YES;
				CLANG_WARN_ENUM_CONVERSION = YES;
				CLANG_WARN_INFINITE_RECURSION = YES;
				CLANG_WARN_INT_CONVERSION = YES;
				CLANG_WARN_NON_LITERAL_NULL_CONVERSION = YES;
				CLANG_WARN_OBJC_IMPLICIT_RETAIN_SELF = YES;
				CLANG_WARN_OBJC_LITERAL_CONVERSION = YES;
				CLANG_WARN_OBJC_ROOT_CLASS = YES_ERROR;
				CLANG_WARN_QUOTED_INCLUDE_IN_FRAMEWORK_HEADER = YES;
				CLANG_WARN_RANGE_LOOP_ANALYSIS = YES;
				CLANG_WARN_STRICT_PROTOTYPES = YES;
				CLANG_WARN_SUSPICIOUS_MOVE = YES;
				CLANG_WARN_UNGUARDED_AVAILABILITY = YES_AGGRESSIVE;
				CLANG_WARN_UNREACHABLE_CODE = YES;
				CLANG_WARN__DUPLICATE_METHOD_MATCH = YES;
				COPY_PHASE_STRIP = NO;
				DEBUG_INFORMATION_FORMAT = "dwarf-with-dsym";
				ENABLE_NS_ASSERTIONS = NO;
				ENABLE_STRICT_OBJC_MSGSEND = YES;
				GCC_C_LANGUAGE_STANDARD = gnu11;
				GCC_NO_COMMON_BLOCKS = YES;
				GCC_WARN_64_TO_32_BIT_CONVERSION = YES;
				GCC_WARN_ABOUT_RETURN_TYPE = YES_ERROR;
				GCC_WARN_UNDECLARED_SELECTOR = YES;
				GCC_WARN_UNINITIALIZED_AUTOS = YES_AGGRESSIVE;
				GCC_WARN_UNUSED_FUNCTION = YES;
				GCC_WARN_UNUSED_VARIABLE = YES;
				IPHONEOS_DEPLOYMENT_TARGET = 15.5;
				MTL_ENABLE_DEBUG_INFO = NO;
				MTL_FAST_MATH = YES;
				SDKROOT = iphoneos;
				SWIFT_COMPILATION_MODE = wholemodule;
				SWIFT_OPTIMIZATION_LEVEL = "-O";
				VALIDATE_PRODUCT = YES;
			};
			name = Release;
		};
		4AFDABE52928FD1400DA413E /* Debug */ = {
			isa = XCBuildConfiguration;
			buildSettings = {
				ASSETCATALOG_COMPILER_APPICON_NAME = AppIcon;
				ASSETCATALOG_COMPILER_GLOBAL_ACCENT_COLOR_NAME = AccentColor;
				CODE_SIGN_STYLE = Automatic;
				CURRENT_PROJECT_VERSION = 1;
				GENERATE_INFOPLIST_FILE = YES;
				INFOPLIST_FILE = "SOPKATHON-iOS/Resource/Support/Info.plist";
				INFOPLIST_KEY_UIApplicationSupportsIndirectInputEvents = YES;
				INFOPLIST_KEY_UILaunchStoryboardName = LaunchScreen;
				INFOPLIST_KEY_UISupportedInterfaceOrientations_iPad = "UIInterfaceOrientationPortrait UIInterfaceOrientationPortraitUpsideDown UIInterfaceOrientationLandscapeLeft UIInterfaceOrientationLandscapeRight";
				INFOPLIST_KEY_UISupportedInterfaceOrientations_iPhone = "UIInterfaceOrientationPortrait UIInterfaceOrientationLandscapeLeft UIInterfaceOrientationLandscapeRight";
				LD_RUNPATH_SEARCH_PATHS = (
					"$(inherited)",
					"@executable_path/Frameworks",
				);
				MARKETING_VERSION = 1.0;
				PRODUCT_BUNDLE_IDENTIFIER = "cchanmi.SOPKATHON-iOS";
				PRODUCT_NAME = "$(TARGET_NAME)";
				SWIFT_EMIT_LOC_STRINGS = YES;
				SWIFT_VERSION = 5.0;
				TARGETED_DEVICE_FAMILY = "1,2";
			};
			name = Debug;
		};
		4AFDABE62928FD1400DA413E /* Release */ = {
			isa = XCBuildConfiguration;
			buildSettings = {
				ASSETCATALOG_COMPILER_APPICON_NAME = AppIcon;
				ASSETCATALOG_COMPILER_GLOBAL_ACCENT_COLOR_NAME = AccentColor;
				CODE_SIGN_STYLE = Automatic;
				CURRENT_PROJECT_VERSION = 1;
				GENERATE_INFOPLIST_FILE = YES;
				INFOPLIST_FILE = "SOPKATHON-iOS/Resource/Support/Info.plist";
				INFOPLIST_KEY_UIApplicationSupportsIndirectInputEvents = YES;
				INFOPLIST_KEY_UILaunchStoryboardName = LaunchScreen;
				INFOPLIST_KEY_UISupportedInterfaceOrientations_iPad = "UIInterfaceOrientationPortrait UIInterfaceOrientationPortraitUpsideDown UIInterfaceOrientationLandscapeLeft UIInterfaceOrientationLandscapeRight";
				INFOPLIST_KEY_UISupportedInterfaceOrientations_iPhone = "UIInterfaceOrientationPortrait UIInterfaceOrientationLandscapeLeft UIInterfaceOrientationLandscapeRight";
				LD_RUNPATH_SEARCH_PATHS = (
					"$(inherited)",
					"@executable_path/Frameworks",
				);
				MARKETING_VERSION = 1.0;
				PRODUCT_BUNDLE_IDENTIFIER = "cchanmi.SOPKATHON-iOS";
				PRODUCT_NAME = "$(TARGET_NAME)";
				SWIFT_EMIT_LOC_STRINGS = YES;
				SWIFT_VERSION = 5.0;
				TARGETED_DEVICE_FAMILY = "1,2";
			};
			name = Release;
		};
/* End XCBuildConfiguration section */

/* Begin XCConfigurationList section */
		4AFDABCB2928FD1300DA413E /* Build configuration list for PBXProject "SOPKATHON-iOS" */ = {
			isa = XCConfigurationList;
			buildConfigurations = (
				4AFDABE22928FD1400DA413E /* Debug */,
				4AFDABE32928FD1400DA413E /* Release */,
			);
			defaultConfigurationIsVisible = 0;
			defaultConfigurationName = Release;
		};
		4AFDABE42928FD1400DA413E /* Build configuration list for PBXNativeTarget "SOPKATHON-iOS" */ = {
			isa = XCConfigurationList;
			buildConfigurations = (
				4AFDABE52928FD1400DA413E /* Debug */,
				4AFDABE62928FD1400DA413E /* Release */,
			);
			defaultConfigurationIsVisible = 0;
			defaultConfigurationName = Release;
		};
/* End XCConfigurationList section */

/* Begin XCRemoteSwiftPackageReference section */
		4ADEAB9C29291EAA001B63E3 /* XCRemoteSwiftPackageReference "SnapKit" */ = {
			isa = XCRemoteSwiftPackageReference;
			repositoryURL = "https://github.com/SnapKit/SnapKit";
			requirement = {
				branch = develop;
				kind = branch;
			};
		};
		4ADEAB9F29291EB2001B63E3 /* XCRemoteSwiftPackageReference "Then" */ = {
			isa = XCRemoteSwiftPackageReference;
			repositoryURL = "https://github.com/devxoul/Then";
			requirement = {
				branch = master;
				kind = branch;
			};
		};
		4ADEABA229291EBF001B63E3 /* XCRemoteSwiftPackageReference "Moya" */ = {
			isa = XCRemoteSwiftPackageReference;
			repositoryURL = "https://github.com/Moya/Moya.git";
			requirement = {
				branch = master;
				kind = branch;
			};
		};
/* End XCRemoteSwiftPackageReference section */

/* Begin XCSwiftPackageProductDependency section */
		4ADEAB9D29291EAA001B63E3 /* SnapKit */ = {
			isa = XCSwiftPackageProductDependency;
			package = 4ADEAB9C29291EAA001B63E3 /* XCRemoteSwiftPackageReference "SnapKit" */;
			productName = SnapKit;
		};
		4ADEABA029291EB3001B63E3 /* Then */ = {
			isa = XCSwiftPackageProductDependency;
			package = 4ADEAB9F29291EB2001B63E3 /* XCRemoteSwiftPackageReference "Then" */;
			productName = Then;
		};
		4ADEABA329291EBF001B63E3 /* Moya */ = {
			isa = XCSwiftPackageProductDependency;
			package = 4ADEABA229291EBF001B63E3 /* XCRemoteSwiftPackageReference "Moya" */;
			productName = Moya;
		};
/* End XCSwiftPackageProductDependency section */
	};
	rootObject = 4AFDABC82928FD1300DA413E /* Project object */;
}
